
Microsoft Visual Studio Solution File, Format Version 12.00
# Visual Studio 15
VisualStudioVersion = 15.0.26124.0
MinimumVisualStudioVersion = 15.0.26124.0
Project("{FAE04EC0-301F-11D3-BF4B-00C04F79EFBC}") = "Project0", "P0_ChrisSophieaMain\Project0.csproj", "{89873233-7962-4DEA-BDEF-7788149B957D}"
EndProject
Project("{FAE04EC0-301F-11D3-BF4B-00C04F79EFBC}") = "P0_ChrisSophiea.Tests", "P0_ChrisSophiea.Tests\P0_ChrisSophiea.Tests.csproj", "{D1A60F39-E522-4CCA-A6FA-048D84442419}"
EndProject
Global
	GlobalSection(SolutionConfigurationPlatforms) = preSolution
		Debug|Any CPU = Debug|Any CPU
		Debug|x64 = Debug|x64
		Debug|x86 = Debug|x86
		Release|Any CPU = Release|Any CPU
		Release|x64 = Release|x64
		Release|x86 = Release|x86
	EndGlobalSection
	GlobalSection(SolutionProperties) = preSolution
		HideSolutionNode = FALSE
	EndGlobalSection
	GlobalSection(ProjectConfigurationPlatforms) = postSolution
		{89873233-7962-4DEA-BDEF-7788149B957D}.Debug|Any CPU.ActiveCfg = Debug|Any CPU
		{89873233-7962-4DEA-BDEF-7788149B957D}.Debug|Any CPU.Build.0 = Debug|Any CPU
		{89873233-7962-4DEA-BDEF-7788149B957D}.Debug|x64.ActiveCfg = Debug|Any CPU
		{89873233-7962-4DEA-BDEF-7788149B957D}.Debug|x64.Build.0 = Debug|Any CPU
		{89873233-7962-4DEA-BDEF-7788149B957D}.Debug|x86.ActiveCfg = Debug|Any CPU
		{89873233-7962-4DEA-BDEF-7788149B957D}.Debug|x86.Build.0 = Debug|Any CPU
		{89873233-7962-4DEA-BDEF-7788149B957D}.Release|Any CPU.ActiveCfg = Release|Any CPU
		{89873233-7962-4DEA-BDEF-7788149B957D}.Release|Any CPU.Build.0 = Release|Any CPU
		{89873233-7962-4DEA-BDEF-7788149B957D}.Release|x64.ActiveCfg = Release|Any CPU
		{89873233-7962-4DEA-BDEF-7788149B957D}.Release|x64.Build.0 = Release|Any CPU
		{89873233-7962-4DEA-BDEF-7788149B957D}.Release|x86.ActiveCfg = Release|Any CPU
		{89873233-7962-4DEA-BDEF-7788149B957D}.Release|x86.Build.0 = Release|Any CPU
		{D1A60F39-E522-4CCA-A6FA-048D84442419}.Debug|Any CPU.ActiveCfg = Debug|Any CPU
		{D1A60F39-E522-4CCA-A6FA-048D84442419}.Debug|Any CPU.Build.0 = Debug|Any CPU
		{D1A60F39-E522-4CCA-A6FA-048D84442419}.Debug|x64.ActiveCfg = Debug|Any CPU
		{D1A60F39-E522-4CCA-A6FA-048D84442419}.Debug|x64.Build.0 = Debug|Any CPU
		{D1A60F39-E522-4CCA-A6FA-048D84442419}.Debug|x86.ActiveCfg = Debug|Any CPU
		{D1A60F39-E522-4CCA-A6FA-048D84442419}.Debug|x86.Build.0 = Debug|Any CPU
		{D1A60F39-E522-4CCA-A6FA-048D84442419}.Release|Any CPU.ActiveCfg = Release|Any CPU
		{D1A60F39-E522-4CCA-A6FA-048D84442419}.Release|Any CPU.Build.0 = Release|Any CPU
		{D1A60F39-E522-4CCA-A6FA-048D84442419}.Release|x64.ActiveCfg = Release|Any CPU
		{D1A60F39-E522-4CCA-A6FA-048D84442419}.Release|x64.Build.0 = Release|Any CPU
		{D1A60F39-E522-4CCA-A6FA-048D84442419}.Release|x86.ActiveCfg = Release|Any CPU
		{D1A60F39-E522-4CCA-A6FA-048D84442419}.Release|x86.Build.0 = Release|Any CPU
	EndGlobalSection
EndGlobal
